{
  "name": "angular-electron",
<<<<<<< HEAD
  "version": "10.5.2",
=======
  "version": "11.2.0",
>>>>>>> 584995312f59d033611fde7839f6739512c572d3
  "lockfileVersion": 2,
  "requires": true,
  "packages": {
    "": {
      "name": "angular-electron",
<<<<<<< HEAD
      "version": "10.5.2"
=======
      "version": "11.2.0"
>>>>>>> 584995312f59d033611fde7839f6739512c572d3
    }
  }
}
